// !$*UTF8*$!
{
	archiveVersion = 1;
	classes = {
	};
	objectVersion = 56;
	objects = {

/* Begin PBXBuildFile section */
		33018C732BED565D002FAE0D /* CategoryViewController.swift in Sources */ = {isa = PBXBuildFile; fileRef = 33018C722BED565D002FAE0D /* CategoryViewController.swift */; };
		3318612C2BF246320082CE4E /* SwipeTableViewController.swift in Sources */ = {isa = PBXBuildFile; fileRef = 3318612B2BF246320082CE4E /* SwipeTableViewController.swift */; };
		331D712E2BEF772800F54149 /* Item.swift in Sources */ = {isa = PBXBuildFile; fileRef = 331D712D2BEF772800F54149 /* Item.swift */; };
		331D71302BEF773800F54149 /* Category.swift in Sources */ = {isa = PBXBuildFile; fileRef = 331D712F2BEF773800F54149 /* Category.swift */; };
		33E2794F2BE6574D00CDC3E1 /* AppDelegate.swift in Sources */ = {isa = PBXBuildFile; fileRef = 33E2794E2BE6574D00CDC3E1 /* AppDelegate.swift */; };
		33E279512BE6574D00CDC3E1 /* SceneDelegate.swift in Sources */ = {isa = PBXBuildFile; fileRef = 33E279502BE6574D00CDC3E1 /* SceneDelegate.swift */; };
		33E279532BE6574D00CDC3E1 /* ToDoListViewController.swift in Sources */ = {isa = PBXBuildFile; fileRef = 33E279522BE6574D00CDC3E1 /* ToDoListViewController.swift */; };
		33E279562BE6574D00CDC3E1 /* Base in Resources */ = {isa = PBXBuildFile; fileRef = 33E279552BE6574D00CDC3E1 /* Base */; };
		33E279592BE6574D00CDC3E1 /* To_Do.xcdatamodeld in Sources */ = {isa = PBXBuildFile; fileRef = 33E279572BE6574D00CDC3E1 /* To_Do.xcdatamodeld */; };
		33E2795B2BE6574E00CDC3E1 /* Assets.xcassets in Resources */ = {isa = PBXBuildFile; fileRef = 33E2795A2BE6574E00CDC3E1 /* Assets.xcassets */; };
		33E2795E2BE6574E00CDC3E1 /* Base in Resources */ = {isa = PBXBuildFile; fileRef = 33E2795D2BE6574E00CDC3E1 /* Base */; };
		BCDAAF4EFE13DB32AE214DB8 /* Pods_To_Do.framework in Frameworks */ = {isa = PBXBuildFile; fileRef = 2CF27EE1641BD87A490B553A /* Pods_To_Do.framework */; };
/* End PBXBuildFile section */

/* Begin PBXFileReference section */
		2CF27EE1641BD87A490B553A /* Pods_To_Do.framework */ = {isa = PBXFileReference; explicitFileType = wrapper.framework; includeInIndex = 0; path = Pods_To_Do.framework; sourceTree = BUILT_PRODUCTS_DIR; };
		2D679C5FEB4337BA29627FB6 /* Pods-To Do.release.xcconfig */ = {isa = PBXFileReference; includeInIndex = 1; lastKnownFileType = text.xcconfig; name = "Pods-To Do.release.xcconfig"; path = "Target Support Files/Pods-To Do/Pods-To Do.release.xcconfig"; sourceTree = "<group>"; };
		33018C722BED565D002FAE0D /* CategoryViewController.swift */ = {isa = PBXFileReference; lastKnownFileType = sourcecode.swift; path = CategoryViewController.swift; sourceTree = "<group>"; };
		3318612B2BF246320082CE4E /* SwipeTableViewController.swift */ = {isa = PBXFileReference; lastKnownFileType = sourcecode.swift; path = SwipeTableViewController.swift; sourceTree = "<group>"; };
		331D712D2BEF772800F54149 /* Item.swift */ = {isa = PBXFileReference; lastKnownFileType = sourcecode.swift; path = Item.swift; sourceTree = "<group>"; };
		331D712F2BEF773800F54149 /* Category.swift */ = {isa = PBXFileReference; lastKnownFileType = sourcecode.swift; path = Category.swift; sourceTree = "<group>"; };
		33E2794B2BE6574D00CDC3E1 /* To Do.app */ = {isa = PBXFileReference; explicitFileType = wrapper.application; includeInIndex = 0; path = "To Do.app"; sourceTree = BUILT_PRODUCTS_DIR; };
		33E2794E2BE6574D00CDC3E1 /* AppDelegate.swift */ = {isa = PBXFileReference; lastKnownFileType = sourcecode.swift; path = AppDelegate.swift; sourceTree = "<group>"; };
		33E279502BE6574D00CDC3E1 /* SceneDelegate.swift */ = {isa = PBXFileReference; lastKnownFileType = sourcecode.swift; path = SceneDelegate.swift; sourceTree = "<group>"; };
		33E279522BE6574D00CDC3E1 /* ToDoListViewController.swift */ = {isa = PBXFileReference; lastKnownFileType = sourcecode.swift; path = ToDoListViewController.swift; sourceTree = "<group>"; };
		33E279552BE6574D00CDC3E1 /* Base */ = {isa = PBXFileReference; lastKnownFileType = file.storyboard; name = Base; path = Base.lproj/Main.storyboard; sourceTree = "<group>"; };
		33E279582BE6574D00CDC3E1 /* To_Do.xcdatamodel */ = {isa = PBXFileReference; lastKnownFileType = wrapper.xcdatamodel; path = To_Do.xcdatamodel; sourceTree = "<group>"; };
		33E2795A2BE6574E00CDC3E1 /* Assets.xcassets */ = {isa = PBXFileReference; lastKnownFileType = folder.assetcatalog; path = Assets.xcassets; sourceTree = "<group>"; };
		33E2795D2BE6574E00CDC3E1 /* Base */ = {isa = PBXFileReference; lastKnownFileType = file.storyboard; name = Base; path = Base.lproj/LaunchScreen.storyboard; sourceTree = "<group>"; };
		33E2795F2BE6574E00CDC3E1 /* Info.plist */ = {isa = PBXFileReference; lastKnownFileType = text.plist.xml; path = Info.plist; sourceTree = "<group>"; };
		93C7EC6860B42688CC207FD6 /* Pods-To Do.debug.xcconfig */ = {isa = PBXFileReference; includeInIndex = 1; lastKnownFileType = text.xcconfig; name = "Pods-To Do.debug.xcconfig"; path = "Target Support Files/Pods-To Do/Pods-To Do.debug.xcconfig"; sourceTree = "<group>"; };
/* End PBXFileReference section */

/* Begin PBXFrameworksBuildPhase section */
		33E279482BE6574D00CDC3E1 /* Frameworks */ = {
			isa = PBXFrameworksBuildPhase;
			buildActionMask = 2147483647;
			files = (
				BCDAAF4EFE13DB32AE214DB8 /* Pods_To_Do.framework in Frameworks */,
			);
			runOnlyForDeploymentPostprocessing = 0;
		};
/* End PBXFrameworksBuildPhase section */

/* Begin PBXGroup section */
		3378FCB52BEA37E5004DB96C /* Data Model */ = {
			isa = PBXGroup;
			children = (
				331D712F2BEF773800F54149 /* Category.swift */,
				331D712D2BEF772800F54149 /* Item.swift */,
			);
			path = "Data Model";
			sourceTree = "<group>";
		};
		3378FCB62BEA37FF004DB96C /* Views */ = {
			isa = PBXGroup;
			children = (
				33E279542BE6574D00CDC3E1 /* Main.storyboard */,
			);
			path = Views;
			sourceTree = "<group>";
		};
		3378FCB72BEA3810004DB96C /* Controllers */ = {
			isa = PBXGroup;
			children = (
				33E279522BE6574D00CDC3E1 /* ToDoListViewController.swift */,
				33018C722BED565D002FAE0D /* CategoryViewController.swift */,
				3318612B2BF246320082CE4E /* SwipeTableViewController.swift */,
			);
			path = Controllers;
			sourceTree = "<group>";
		};
		3378FCB82BEA386D004DB96C /* Supporting Files */ = {
			isa = PBXGroup;
			children = (
				33E2795A2BE6574E00CDC3E1 /* Assets.xcassets */,
				33E2795C2BE6574E00CDC3E1 /* LaunchScreen.storyboard */,
			);
			path = "Supporting Files";
			sourceTree = "<group>";
		};
		33E279422BE6574D00CDC3E1 = {
			isa = PBXGroup;
			children = (
				33E2794D2BE6574D00CDC3E1 /* To Do */,
				33E2794C2BE6574D00CDC3E1 /* Products */,
				7FFAF3FBC055CE1E55533436 /* Pods */,
				385C5B0FDDA2AD2720231B38 /* Frameworks */,
			);
			sourceTree = "<group>";
		};
		33E2794C2BE6574D00CDC3E1 /* Products */ = {
			isa = PBXGroup;
			children = (
				33E2794B2BE6574D00CDC3E1 /* To Do.app */,
			);
			name = Products;
			sourceTree = "<group>";
		};
		33E2794D2BE6574D00CDC3E1 /* To Do */ = {
			isa = PBXGroup;
			children = (
				33E2794E2BE6574D00CDC3E1 /* AppDelegate.swift */,
				33E279502BE6574D00CDC3E1 /* SceneDelegate.swift */,
				3378FCB72BEA3810004DB96C /* Controllers */,
				3378FCB52BEA37E5004DB96C /* Data Model */,
				3378FCB62BEA37FF004DB96C /* Views */,
				3378FCB82BEA386D004DB96C /* Supporting Files */,
				33E2795F2BE6574E00CDC3E1 /* Info.plist */,
				33E279572BE6574D00CDC3E1 /* To_Do.xcdatamodeld */,
			);
			path = "To Do";
			sourceTree = "<group>";
		};
		385C5B0FDDA2AD2720231B38 /* Frameworks */ = {
			isa = PBXGroup;
			children = (
				2CF27EE1641BD87A490B553A /* Pods_To_Do.framework */,
			);
			name = Frameworks;
			sourceTree = "<group>";
		};
		7FFAF3FBC055CE1E55533436 /* Pods */ = {
			isa = PBXGroup;
			children = (
				93C7EC6860B42688CC207FD6 /* Pods-To Do.debug.xcconfig */,
				2D679C5FEB4337BA29627FB6 /* Pods-To Do.release.xcconfig */,
			);
			path = Pods;
			sourceTree = "<group>";
		};
/* End PBXGroup section */

/* Begin PBXNativeTarget section */
		33E2794A2BE6574D00CDC3E1 /* To Do */ = {
			isa = PBXNativeTarget;
			buildConfigurationList = 33E279622BE6574E00CDC3E1 /* Build configuration list for PBXNativeTarget "To Do" */;
			buildPhases = (
				E80ECF6AEA7F080BDE0F13FB /* [CP] Check Pods Manifest.lock */,
				33E279472BE6574D00CDC3E1 /* Sources */,
				33E279482BE6574D00CDC3E1 /* Frameworks */,
				33E279492BE6574D00CDC3E1 /* Resources */,
				355D2EFE16158B4EC6DE688C /* [CP] Embed Pods Frameworks */,
			);
			buildRules = (
			);
			dependencies = (
			);
			name = "To Do";
			productName = "To Do";
			productReference = 33E2794B2BE6574D00CDC3E1 /* To Do.app */;
			productType = "com.apple.product-type.application";
		};
/* End PBXNativeTarget section */

/* Begin PBXProject section */
		33E279432BE6574D00CDC3E1 /* Project object */ = {
			isa = PBXProject;
			attributes = {
				BuildIndependentTargetsInParallel = 1;
				LastSwiftUpdateCheck = 1530;
				LastUpgradeCheck = 1530;
				TargetAttributes = {
					33E2794A2BE6574D00CDC3E1 = {
						CreatedOnToolsVersion = 15.3;
					};
				};
			};
			buildConfigurationList = 33E279462BE6574D00CDC3E1 /* Build configuration list for PBXProject "To Do" */;
			compatibilityVersion = "Xcode 14.0";
			developmentRegion = en;
			hasScannedForEncodings = 0;
			knownRegions = (
				en,
				Base,
			);
			mainGroup = 33E279422BE6574D00CDC3E1;
			productRefGroup = 33E2794C2BE6574D00CDC3E1 /* Products */;
			projectDirPath = "";
			projectRoot = "";
			targets = (
				33E2794A2BE6574D00CDC3E1 /* To Do */,
			);
		};
/* End PBXProject section */

/* Begin PBXResourcesBuildPhase section */
		33E279492BE6574D00CDC3E1 /* Resources */ = {
			isa = PBXResourcesBuildPhase;
			buildActionMask = 2147483647;
			files = (
				33E2795B2BE6574E00CDC3E1 /* Assets.xcassets in Resources */,
				33E2795E2BE6574E00CDC3E1 /* Base in Resources */,
				33E279562BE6574D00CDC3E1 /* Base in Resources */,
			);
			runOnlyForDeploymentPostprocessing = 0;
		};
/* End PBXResourcesBuildPhase section */

/* Begin PBXShellScriptBuildPhase section */
		355D2EFE16158B4EC6DE688C /* [CP] Embed Pods Frameworks */ = {
			isa = PBXShellScriptBuildPhase;
			buildActionMask = 2147483647;
			files = (
			);
			inputFileListPaths = (
				"${PODS_ROOT}/Target Support Files/Pods-To Do/Pods-To Do-frameworks-${CONFIGURATION}-input-files.xcfilelist",
			);
			name = "[CP] Embed Pods Frameworks";
			outputFileListPaths = (
				"${PODS_ROOT}/Target Support Files/Pods-To Do/Pods-To Do-frameworks-${CONFIGURATION}-output-files.xcfilelist",
			);
			runOnlyForDeploymentPostprocessing = 0;
			shellPath = /bin/sh;
			shellScript = "\"${PODS_ROOT}/Target Support Files/Pods-To Do/Pods-To Do-frameworks.sh\"\n";
			showEnvVarsInLog = 0;
		};
		E80ECF6AEA7F080BDE0F13FB /* [CP] Check Pods Manifest.lock */ = {
			isa = PBXShellScriptBuildPhase;
			buildActionMask = 2147483647;
			files = (
			);
			inputFileListPaths = (
			);
			inputPaths = (
				"${PODS_PODFILE_DIR_PATH}/Podfile.lock",
				"${PODS_ROOT}/Manifest.lock",
			);
			name = "[CP] Check Pods Manifest.lock";
			outputFileListPaths = (
			);
			outputPaths = (
				"$(DERIVED_FILE_DIR)/Pods-To Do-checkManifestLockResult.txt",
			);
			runOnlyForDeploymentPostprocessing = 0;
			shellPath = /bin/sh;
			shellScript = "diff \"${PODS_PODFILE_DIR_PATH}/Podfile.lock\" \"${PODS_ROOT}/Manifest.lock\" > /dev/null\nif [ $? != 0 ] ; then\n    # print error to STDERR\n    echo \"error: The sandbox is not in sync with the Podfile.lock. Run 'pod install' or update your CocoaPods installation.\" >&2\n    exit 1\nfi\n# This output is used by Xcode 'outputs' to avoid re-running this script phase.\necho \"SUCCESS\" > \"${SCRIPT_OUTPUT_FILE_0}\"\n";
			showEnvVarsInLog = 0;
		};
/* End PBXShellScriptBuildPhase section */

/* Begin PBXSourcesBuildPhase section */
		33E279472BE6574D00CDC3E1 /* Sources */ = {
			isa = PBXSourcesBuildPhase;
			buildActionMask = 2147483647;
			files = (
				3318612C2BF246320082CE4E /* SwipeTableViewController.swift in Sources */,
				33E279532BE6574D00CDC3E1 /* ToDoListViewController.swift in Sources */,
				33E2794F2BE6574D00CDC3E1 /* AppDelegate.swift in Sources */,
				33E279512BE6574D00CDC3E1 /* SceneDelegate.swift in Sources */,
				331D712E2BEF772800F54149 /* Item.swift in Sources */,
				33018C732BED565D002FAE0D /* CategoryViewController.swift in Sources */,
				33E279592BE6574D00CDC3E1 /* To_Do.xcdatamodeld in Sources */,
				331D71302BEF773800F54149 /* Category.swift in Sources */,
			);
			runOnlyForDeploymentPostprocessing = 0;
		};
/* End PBXSourcesBuildPhase section */

/* Begin PBXVariantGroup section */
		33E279542BE6574D00CDC3E1 /* Main.storyboard */ = {
			isa = PBXVariantGroup;
			children = (
				33E279552BE6574D00CDC3E1 /* Base */,
			);
			name = Main.storyboard;
			sourceTree = "<group>";
		};
		33E2795C2BE6574E00CDC3E1 /* LaunchScreen.storyboard */ = {
			isa = PBXVariantGroup;
			children = (
				33E2795D2BE6574E00CDC3E1 /* Base */,
			);
			name = LaunchScreen.storyboard;
			sourceTree = "<group>";
		};
/* End PBXVariantGroup section */

/* Begin XCBuildConfiguration section */
		33E279602BE6574E00CDC3E1 /* Debug */ = {
			isa = XCBuildConfiguration;
			buildSettings = {
				ALWAYS_SEARCH_USER_PATHS = NO;
				ASSETCATALOG_COMPILER_GENERATE_SWIFT_ASSET_SYMBOL_EXTENSIONS = YES;
				CLANG_ANALYZER_NONNULL = YES;
				CLANG_ANALYZER_NUMBER_OBJECT_CONVERSION = YES_AGGRESSIVE;
				CLANG_CXX_LANGUAGE_STANDARD = "gnu++20";
				CLANG_ENABLE_MODULES = YES;
				CLANG_ENABLE_OBJC_ARC = YES;
				CLANG_ENABLE_OBJC_WEAK = YES;
				CLANG_WARN_BLOCK_CAPTURE_AUTORELEASING = YES;
				CLANG_WARN_BOOL_CONVERSION = YES;
				CLANG_WARN_COMMA = YES;
				CLANG_WARN_CONSTANT_CONVERSION = YES;
				CLANG_WARN_DEPRECATED_OBJC_IMPLEMENTATIONS = YES;
				CLANG_WARN_DIRECT_OBJC_ISA_USAGE = YES_ERROR;
				CLANG_WARN_DOCUMENTATION_COMMENTS = YES;
				CLANG_WARN_EMPTY_BODY = YES;
				CLANG_WARN_ENUM_CONVERSION = YES;
				CLANG_WARN_INFINITE_RECURSION = YES;
				CLANG_WARN_INT_CONVERSION = YES;
				CLANG_WARN_NON_LITERAL_NULL_CONVERSION = YES;
				CLANG_WARN_OBJC_IMPLICIT_RETAIN_SELF = YES;
				CLANG_WARN_OBJC_LITERAL_CONVERSION = YES;
				CLANG_WARN_OBJC_ROOT_CLASS = YES_ERROR;
				CLANG_WARN_QUOTED_INCLUDE_IN_FRAMEWORK_HEADER = YES;
				CLANG_WARN_RANGE_LOOP_ANALYSIS = YES;
				CLANG_WARN_STRICT_PROTOTYPES = YES;
				CLANG_WARN_SUSPICIOUS_MOVE = YES;
				CLANG_WARN_UNGUARDED_AVAILABILITY = YES_AGGRESSIVE;
				CLANG_WARN_UNREACHABLE_CODE = YES;
				CLANG_WARN__DUPLICATE_METHOD_MATCH = YES;
				COPY_PHASE_STRIP = NO;
				DEBUG_INFORMATION_FORMAT = dwarf;
				ENABLE_STRICT_OBJC_MSGSEND = YES;
				ENABLE_TESTABILITY = YES;
				ENABLE_USER_SCRIPT_SANDBOXING = YES;
				GCC_C_LANGUAGE_STANDARD = gnu17;
				GCC_DYNAMIC_NO_PIC = NO;
				GCC_NO_COMMON_BLOCKS = YES;
				GCC_OPTIMIZATION_LEVEL = 0;
				GCC_PREPROCESSOR_DEFINITIONS = (
					"DEBUG=1",
					"$(inherited)",
				);
				GCC_WARN_64_TO_32_BIT_CONVERSION = YES;
				GCC_WARN_ABOUT_RETURN_TYPE = YES_ERROR;
				GCC_WARN_UNDECLARED_SELECTOR = YES;
				GCC_WARN_UNINITIALIZED_AUTOS = YES_AGGRESSIVE;
				GCC_WARN_UNUSED_FUNCTION = YES;
				GCC_WARN_UNUSED_VARIABLE = YES;
				IPHONEOS_DEPLOYMENT_TARGET = 17.4;
				LOCALIZATION_PREFERS_STRING_CATALOGS = YES;
				MTL_ENABLE_DEBUG_INFO = INCLUDE_SOURCE;
				MTL_FAST_MATH = YES;
				ONLY_ACTIVE_ARCH = YES;
				SDKROOT = iphoneos;
				SWIFT_ACTIVE_COMPILATION_CONDITIONS = "DEBUG $(inherited)";
				SWIFT_OPTIMIZATION_LEVEL = "-Onone";
			};
			name = Debug;
		};
		33E279612BE6574E00CDC3E1 /* Release */ = {
			isa = XCBuildConfiguration;
			buildSettings = {
				ALWAYS_SEARCH_USER_PATHS = NO;
				ASSETCATALOG_COMPILER_GENERATE_SWIFT_ASSET_SYMBOL_EXTENSIONS = YES;
				CLANG_ANALYZER_NONNULL = YES;
				CLANG_ANALYZER_NUMBER_OBJECT_CONVERSION = YES_AGGRESSIVE;
				CLANG_CXX_LANGUAGE_STANDARD = "gnu++20";
				CLANG_ENABLE_MODULES = YES;
				CLANG_ENABLE_OBJC_ARC = YES;
				CLANG_ENABLE_OBJC_WEAK = YES;
				CLANG_WARN_BLOCK_CAPTURE_AUTORELEASING = YES;
				CLANG_WARN_BOOL_CONVERSION = YES;
				CLANG_WARN_COMMA = YES;
				CLANG_WARN_CONSTANT_CONVERSION = YES;
				CLANG_WARN_DEPRECATED_OBJC_IMPLEMENTATIONS = YES;
				CLANG_WARN_DIRECT_OBJC_ISA_USAGE = YES_ERROR;
				CLANG_WARN_DOCUMENTATION_COMMENTS = YES;
				CLANG_WARN_EMPTY_BODY = YES;
				CLANG_WARN_ENUM_CONVERSION = YES;
				CLANG_WARN_INFINITE_RECURSION = YES;
				CLANG_WARN_INT_CONVERSION = YES;
				CLANG_WARN_NON_LITERAL_NULL_CONVERSION = YES;
				CLANG_WARN_OBJC_IMPLICIT_RETAIN_SELF = YES;
				CLANG_WARN_OBJC_LITERAL_CONVERSION = YES;
				CLANG_WARN_OBJC_ROOT_CLASS = YES_ERROR;
				CLANG_WARN_QUOTED_INCLUDE_IN_FRAMEWORK_HEADER = YES;
				CLANG_WARN_RANGE_LOOP_ANALYSIS = YES;
				CLANG_WARN_STRICT_PROTOTYPES = YES;
				CLANG_WARN_SUSPICIOUS_MOVE = YES;
				CLANG_WARN_UNGUARDED_AVAILABILITY = YES_AGGRESSIVE;
				CLANG_WARN_UNREACHABLE_CODE = YES;
				CLANG_WARN__DUPLICATE_METHOD_MATCH = YES;
				COPY_PHASE_STRIP = NO;
				DEBUG_INFORMATION_FORMAT = "dwarf-with-dsym";
				ENABLE_NS_ASSERTIONS = NO;
				ENABLE_STRICT_OBJC_MSGSEND = YES;
				ENABLE_USER_SCRIPT_SANDBOXING = YES;
				GCC_C_LANGUAGE_STANDARD = gnu17;
				GCC_NO_COMMON_BLOCKS = YES;
				GCC_WARN_64_TO_32_BIT_CONVERSION = YES;
				GCC_WARN_ABOUT_RETURN_TYPE = YES_ERROR;
				GCC_WARN_UNDECLARED_SELECTOR = YES;
				GCC_WARN_UNINITIALIZED_AUTOS = YES_AGGRESSIVE;
				GCC_WARN_UNUSED_FUNCTION = YES;
				GCC_WARN_UNUSED_VARIABLE = YES;
				IPHONEOS_DEPLOYMENT_TARGET = 17.4;
				LOCALIZATION_PREFERS_STRING_CATALOGS = YES;
				MTL_ENABLE_DEBUG_INFO = NO;
				MTL_FAST_MATH = YES;
				SDKROOT = iphoneos;
				SWIFT_COMPILATION_MODE = wholemodule;
				VALIDATE_PRODUCT = YES;
			};
			name = Release;
		};
		33E279632BE6574E00CDC3E1 /* Debug */ = {
			isa = XCBuildConfiguration;
			baseConfigurationReference = 93C7EC6860B42688CC207FD6 /* Pods-To Do.debug.xcconfig */;
			buildSettings = {
				ASSETCATALOG_COMPILER_APPICON_NAME = AppIcon;
				ASSETCATALOG_COMPILER_GLOBAL_ACCENT_COLOR_NAME = AccentColor;
				CODE_SIGN_STYLE = Automatic;
				CURRENT_PROJECT_VERSION = 1;
				DEVELOPMENT_TEAM = 4QXWZ3ANCD;
				ENABLE_USER_SCRIPT_SANDBOXING = NO;
				GENERATE_INFOPLIST_FILE = YES;
				INFOPLIST_FILE = "To Do/Info.plist";
				INFOPLIST_KEY_CFBundleDisplayName = "To Do";
				INFOPLIST_KEY_LSApplicationCategoryType = "public.app-category.lifestyle";
				INFOPLIST_KEY_UIApplicationSupportsIndirectInputEvents = YES;
				INFOPLIST_KEY_UILaunchStoryboardName = LaunchScreen;
				INFOPLIST_KEY_UIMainStoryboardFile = Main;
				INFOPLIST_KEY_UIStatusBarStyle = "";
				INFOPLIST_KEY_UISupportedInterfaceOrientations = UIInterfaceOrientationPortrait;
				IPHONEOS_DEPLOYMENT_TARGET = 13.0;
				LD_RUNPATH_SEARCH_PATHS = (
					"$(inherited)",
					"@executable_path/Frameworks",
				);
				MARKETING_VERSION = 1.0;
				PRODUCT_BUNDLE_IDENTIFIER = "com.AndreiToni.To-Do";
				PRODUCT_NAME = "$(TARGET_NAME)";
				SWIFT_EMIT_LOC_STRINGS = YES;
				SWIFT_VERSION = 5.0;
				TARGETED_DEVICE_FAMILY = "1,2";
			};
			name = Debug;
		};
		33E279642BE6574E00CDC3E1 /* Release */ = {
			isa = XCBuildConfiguration;
			baseConfigurationReference = 2D679C5FEB4337BA29627FB6 /* Pods-To Do.release.xcconfig */;
			buildSettings = {
				ASSETCATALOG_COMPILER_APPICON_NAME = AppIcon;
				ASSETCATALOG_COMPILER_GLOBAL_ACCENT_COLOR_NAME = AccentColor;
				CODE_SIGN_STYLE = Automatic;
				CURRENT_PROJECT_VERSION = 1;
				DEVELOPMENT_TEAM = 4QXWZ3ANCD;
				ENABLE_USER_SCRIPT_SANDBOXING = NO;
				GENERATE_INFOPLIST_FILE = YES;
				INFOPLIST_FILE = "To Do/Info.plist";
				INFOPLIST_KEY_CFBundleDisplayName = "To Do";
				INFOPLIST_KEY_LSApplicationCategoryType = "public.app-category.lifestyle";
				INFOPLIST_KEY_UIApplicationSupportsIndirectInputEvents = YES;
				INFOPLIST_KEY_UILaunchStoryboardName = LaunchScreen;
				INFOPLIST_KEY_UIMainStoryboardFile = Main;
				INFOPLIST_KEY_UIStatusBarStyle = "";
				INFOPLIST_KEY_UISupportedInterfaceOrientations = UIInterfaceOrientationPortrait;
				IPHONEOS_DEPLOYMENT_TARGET = 13.0;
				LD_RUNPATH_SEARCH_PATHS = (
					"$(inherited)",
					"@executable_path/Frameworks",
				);
				MARKETING_VERSION = 1.0;
				PRODUCT_BUNDLE_IDENTIFIER = "com.AndreiToni.To-Do";
				PRODUCT_NAME = "$(TARGET_NAME)";
				SWIFT_EMIT_LOC_STRINGS = YES;
				SWIFT_VERSION = 5.0;
				TARGETED_DEVICE_FAMILY = "1,2";
			};
			name = Release;
		};
/* End XCBuildConfiguration section */

/* Begin XCConfigurationList section */
		33E279462BE6574D00CDC3E1 /* Build configuration list for PBXProject "To Do" */ = {
			isa = XCConfigurationList;
			buildConfigurations = (
				33E279602BE6574E00CDC3E1 /* Debug */,
				33E279612BE6574E00CDC3E1 /* Release */,
			);
			defaultConfigurationIsVisible = 0;
			defaultConfigurationName = Release;
		};
		33E279622BE6574E00CDC3E1 /* Build configuration list for PBXNativeTarget "To Do" */ = {
			isa = XCConfigurationList;
			buildConfigurations = (
				33E279632BE6574E00CDC3E1 /* Debug */,
				33E279642BE6574E00CDC3E1 /* Release */,
			);
			defaultConfigurationIsVisible = 0;
			defaultConfigurationName = Release;
		};
/* End XCConfigurationList section */

/* Begin XCVersionGroup section */
		33E279572BE6574D00CDC3E1 /* To_Do.xcdatamodeld */ = {
			isa = XCVersionGroup;
			children = (
				33E279582BE6574D00CDC3E1 /* To_Do.xcdatamodel */,
			);
			currentVersion = 33E279582BE6574D00CDC3E1 /* To_Do.xcdatamodel */;
			path = To_Do.xcdatamodeld;
			sourceTree = "<group>";
			versionGroupType = wrapper.xcdatamodel;
		};
/* End XCVersionGroup section */
	};
	rootObject = 33E279432BE6574D00CDC3E1 /* Project object */;
}
